
Microsoft Visual Studio Solution File, Format Version 11.00
# Visual Studio 2010
Project("{FAE04EC0-301F-11D3-BF4B-00C04F79EFBC}") = "VideoGameProject1P", "Assembly-CSharp.csproj", "{548AD542-B8FB-6D60-8C7D-755715F5B408}"
EndProject
Global
	GlobalSection(SolutionConfigurationPlatforms) = preSolution
		Debug|Any CPU = Debug|Any CPU
		Release|Any CPU = Release|Any CPU
	EndGlobalSection
	GlobalSection(ProjectConfigurationPlatforms) = postSolution
		{548AD542-B8FB-6D60-8C7D-755715F5B408}.Debug|Any CPU.ActiveCfg = Debug|Any CPU
		{548AD542-B8FB-6D60-8C7D-755715F5B408}.Debug|Any CPU.Build.0 = Debug|Any CPU
		{548AD542-B8FB-6D60-8C7D-755715F5B408}.Release|Any CPU.ActiveCfg = Release|Any CPU
		{548AD542-B8FB-6D60-8C7D-755715F5B408}.Release|Any CPU.Build.0 = Release|Any CPU
	EndGlobalSection
	GlobalSection(SolutionProperties) = preSolution
		HideSolutionNode = FALSE
	EndGlobalSection
	GlobalSection(MonoDevelopProperties) = preSolution
		StartupItem = Assembly-CSharp.csproj
	EndGlobalSection
EndGlobal
